
Microsoft Visual Studio Solution File, Format Version 12.00
# Visual Studio Version 17
VisualStudioVersion = 17.5.33516.290
MinimumVisualStudioVersion = 10.0.40219.1
Project("{FAE04EC0-301F-11D3-BF4B-00C04F79EFBC}") = "NimRL", "NimRL\NimRL.csproj", "{E8ABD077-63ED-4EFD-A2DF-E8C4509C1171}"
EndProject
Global
	GlobalSection(SolutionConfigurationPlatforms) = preSolution
		Debug|Any CPU = Debug|Any CPU
		Release|Any CPU = Release|Any CPU
	EndGlobalSection
	GlobalSection(ProjectConfigurationPlatforms) = postSolution
		{E8ABD077-63ED-4EFD-A2DF-E8C4509C1171}.Debug|Any CPU.ActiveCfg = Debug|Any CPU
		{E8ABD077-63ED-4EFD-A2DF-E8C4509C1171}.Debug|Any CPU.Build.0 = Debug|Any CPU
		{E8ABD077-63ED-4EFD-A2DF-E8C4509C1171}.Release|Any CPU.ActiveCfg = Release|Any CPU
		{E8ABD077-63ED-4EFD-A2DF-E8C4509C1171}.Release|Any CPU.Build.0 = Release|Any CPU
	EndGlobalSection
	GlobalSection(SolutionProperties) = preSolution
		HideSolutionNode = FALSE
	EndGlobalSection
	GlobalSection(ExtensibilityGlobals) = postSolution
		SolutionGuid = {B242D3D3-CF6F-4128-8F7B-593229FD06BB}
	EndGlobalSection
EndGlobal
